dependencies:
- name: tpl
  repository: https://gitlab.codeopensrc.com/api/v4/projects/36/packages/helm/stable
  version: 0.8.3
- name: tpl
  repository: https://gitlab.codeopensrc.com/api/v4/projects/36/packages/helm/stable
  version: 0.8.3
digest: sha256:6dfd421d034eedf9b3dc8fac522293bc2b0bf941b1fc5c331a20815c7298b7aa
generated: "2023-04-05T21:17:37.629281445-07:00"
